// !$*UTF8*$!
{
	archiveVersion = 1;
	classes = {
	};
	objectVersion = 46;
	objects = {

/* Begin PBXBuildFile section */
		6E208ED11C778ECD006D1479 /* main.m in Sources */ = {isa = PBXBuildFile; fileRef = 6E208ED01C778ECD006D1479 /* main.m */; };
		6E208ED41C778ECD006D1479 /* AppDelegate.m in Sources */ = {isa = PBXBuildFile; fileRef = 6E208ED31C778ECD006D1479 /* AppDelegate.m */; };
		6E208EDA1C778ECD006D1479 /* Main.storyboard in Resources */ = {isa = PBXBuildFile; fileRef = 6E208ED81C778ECD006D1479 /* Main.storyboard */; };
		6E208EDC1C778ECD006D1479 /* Assets.xcassets in Resources */ = {isa = PBXBuildFile; fileRef = 6E208EDB1C778ECD006D1479 /* Assets.xcassets */; };
		6E208EDF1C778ECD006D1479 /* LaunchScreen.storyboard in Resources */ = {isa = PBXBuildFile; fileRef = 6E208EDD1C778ECD006D1479 /* LaunchScreen.storyboard */; };
		6E208EEA1C778ECD006D1479 /* KidCopTests.m in Sources */ = {isa = PBXBuildFile; fileRef = 6E208EE91C778ECD006D1479 /* KidCopTests.m */; };
		6E208EF51C778ECD006D1479 /* KidCopUITests.m in Sources */ = {isa = PBXBuildFile; fileRef = 6E208EF41C778ECD006D1479 /* KidCopUITests.m */; };
		6E208F071C779CE1006D1479 /* Kid.m in Sources */ = {isa = PBXBuildFile; fileRef = 6E208F061C779CE1006D1479 /* Kid.m */; };
		6E208F0A1C779F1D006D1479 /* KidDataBase.m in Sources */ = {isa = PBXBuildFile; fileRef = 6E208F091C779F1D006D1479 /* KidDataBase.m */; };
		6E208F0D1C77B803006D1479 /* StatusViewController.m in Sources */ = {isa = PBXBuildFile; fileRef = 6E208F0C1C77B803006D1479 /* StatusViewController.m */; };
		6E88DE731C8F76000059D019 /* CollectionViewCell.m in Sources */ = {isa = PBXBuildFile; fileRef = 6E88DE721C8F76000059D019 /* CollectionViewCell.m */; };
		6E88DE761C8F764B0059D019 /* CollectionViewController.m in Sources */ = {isa = PBXBuildFile; fileRef = 6E88DE751C8F764B0059D019 /* CollectionViewController.m */; };
		944907414D53438C5DFB4A46 /* libPods-KidCop.a in Frameworks */ = {isa = PBXBuildFile; fileRef = FBA6457E921D0660F98EDDBA /* libPods-KidCop.a */; };
/* End PBXBuildFile section */

/* Begin PBXContainerItemProxy section */
		6E208EE61C778ECD006D1479 /* PBXContainerItemProxy */ = {
			isa = PBXContainerItemProxy;
			containerPortal = 6E208EC41C778ECD006D1479 /* Project object */;
			proxyType = 1;
			remoteGlobalIDString = 6E208ECB1C778ECD006D1479;
			remoteInfo = KidCop;
		};
		6E208EF11C778ECD006D1479 /* PBXContainerItemProxy */ = {
			isa = PBXContainerItemProxy;
			containerPortal = 6E208EC41C778ECD006D1479 /* Project object */;
			proxyType = 1;
			remoteGlobalIDString = 6E208ECB1C778ECD006D1479;
			remoteInfo = KidCop;
		};
/* End PBXContainerItemProxy section */

/* Begin PBXFileReference section */
		501F56DFF7CD6F129F5157C5 /* Pods-KidCop.release.xcconfig */ = {isa = PBXFileReference; includeInIndex = 1; lastKnownFileType = text.xcconfig; name = "Pods-KidCop.release.xcconfig"; path = "Pods/Target Support Files/Pods-KidCop/Pods-KidCop.release.xcconfig"; sourceTree = "<group>"; };
		6E208ECC1C778ECD006D1479 /* KidCop.app */ = {isa = PBXFileReference; explicitFileType = wrapper.application; includeInIndex = 0; path = KidCop.app; sourceTree = BUILT_PRODUCTS_DIR; };
		6E208ED01C778ECD006D1479 /* main.m */ = {isa = PBXFileReference; lastKnownFileType = sourcecode.c.objc; path = main.m; sourceTree = "<group>"; };
		6E208ED21C778ECD006D1479 /* AppDelegate.h */ = {isa = PBXFileReference; lastKnownFileType = sourcecode.c.h; path = AppDelegate.h; sourceTree = "<group>"; };
		6E208ED31C778ECD006D1479 /* AppDelegate.m */ = {isa = PBXFileReference; lastKnownFileType = sourcecode.c.objc; path = AppDelegate.m; sourceTree = "<group>"; };
		6E208ED91C778ECD006D1479 /* Base */ = {isa = PBXFileReference; lastKnownFileType = file.storyboard; name = Base; path = Base.lproj/Main.storyboard; sourceTree = "<group>"; };
		6E208EDB1C778ECD006D1479 /* Assets.xcassets */ = {isa = PBXFileReference; lastKnownFileType = folder.assetcatalog; path = Assets.xcassets; sourceTree = "<group>"; };
		6E208EDE1C778ECD006D1479 /* Base */ = {isa = PBXFileReference; lastKnownFileType = file.storyboard; name = Base; path = Base.lproj/LaunchScreen.storyboard; sourceTree = "<group>"; };
		6E208EE01C778ECD006D1479 /* Info.plist */ = {isa = PBXFileReference; lastKnownFileType = text.plist.xml; path = Info.plist; sourceTree = "<group>"; };
		6E208EE51C778ECD006D1479 /* KidCopTests.xctest */ = {isa = PBXFileReference; explicitFileType = wrapper.cfbundle; includeInIndex = 0; path = KidCopTests.xctest; sourceTree = BUILT_PRODUCTS_DIR; };
		6E208EE91C778ECD006D1479 /* KidCopTests.m */ = {isa = PBXFileReference; lastKnownFileType = sourcecode.c.objc; path = KidCopTests.m; sourceTree = "<group>"; };
		6E208EEB1C778ECD006D1479 /* Info.plist */ = {isa = PBXFileReference; lastKnownFileType = text.plist.xml; path = Info.plist; sourceTree = "<group>"; };
		6E208EF01C778ECD006D1479 /* KidCopUITests.xctest */ = {isa = PBXFileReference; explicitFileType = wrapper.cfbundle; includeInIndex = 0; path = KidCopUITests.xctest; sourceTree = BUILT_PRODUCTS_DIR; };
		6E208EF41C778ECD006D1479 /* KidCopUITests.m */ = {isa = PBXFileReference; lastKnownFileType = sourcecode.c.objc; path = KidCopUITests.m; sourceTree = "<group>"; };
		6E208EF61C778ECD006D1479 /* Info.plist */ = {isa = PBXFileReference; lastKnownFileType = text.plist.xml; path = Info.plist; sourceTree = "<group>"; };
		6E208F051C779CE1006D1479 /* Kid.h */ = {isa = PBXFileReference; fileEncoding = 4; lastKnownFileType = sourcecode.c.h; path = Kid.h; sourceTree = "<group>"; };
		6E208F061C779CE1006D1479 /* Kid.m */ = {isa = PBXFileReference; fileEncoding = 4; lastKnownFileType = sourcecode.c.objc; path = Kid.m; sourceTree = "<group>"; };
		6E208F081C779F1D006D1479 /* KidDataBase.h */ = {isa = PBXFileReference; fileEncoding = 4; lastKnownFileType = sourcecode.c.h; path = KidDataBase.h; sourceTree = "<group>"; };
		6E208F091C779F1D006D1479 /* KidDataBase.m */ = {isa = PBXFileReference; fileEncoding = 4; lastKnownFileType = sourcecode.c.objc; path = KidDataBase.m; sourceTree = "<group>"; };
		6E208F0B1C77B803006D1479 /* StatusViewController.h */ = {isa = PBXFileReference; fileEncoding = 4; lastKnownFileType = sourcecode.c.h; path = StatusViewController.h; sourceTree = "<group>"; };
		6E208F0C1C77B803006D1479 /* StatusViewController.m */ = {isa = PBXFileReference; fileEncoding = 4; lastKnownFileType = sourcecode.c.objc; path = StatusViewController.m; sourceTree = "<group>"; };
		6E88DE711C8F76000059D019 /* CollectionViewCell.h */ = {isa = PBXFileReference; fileEncoding = 4; lastKnownFileType = sourcecode.c.h; path = CollectionViewCell.h; sourceTree = "<group>"; };
		6E88DE721C8F76000059D019 /* CollectionViewCell.m */ = {isa = PBXFileReference; fileEncoding = 4; lastKnownFileType = sourcecode.c.objc; path = CollectionViewCell.m; sourceTree = "<group>"; };
		6E88DE741C8F764B0059D019 /* CollectionViewController.h */ = {isa = PBXFileReference; fileEncoding = 4; lastKnownFileType = sourcecode.c.h; path = CollectionViewController.h; sourceTree = "<group>"; };
		6E88DE751C8F764B0059D019 /* CollectionViewController.m */ = {isa = PBXFileReference; fileEncoding = 4; lastKnownFileType = sourcecode.c.objc; path = CollectionViewController.m; sourceTree = "<group>"; };
		BC7203E6D380A8EB90D55AB8 /* Pods-KidCop.debug.xcconfig */ = {isa = PBXFileReference; includeInIndex = 1; lastKnownFileType = text.xcconfig; name = "Pods-KidCop.debug.xcconfig"; path = "Pods/Target Support Files/Pods-KidCop/Pods-KidCop.debug.xcconfig"; sourceTree = "<group>"; };
		FBA6457E921D0660F98EDDBA /* libPods-KidCop.a */ = {isa = PBXFileReference; explicitFileType = archive.ar; includeInIndex = 0; path = "libPods-KidCop.a"; sourceTree = BUILT_PRODUCTS_DIR; };
/* End PBXFileReference section */

/* Begin PBXFrameworksBuildPhase section */
		6E208EC91C778ECD006D1479 /* Frameworks */ = {
			isa = PBXFrameworksBuildPhase;
			buildActionMask = 2147483647;
			files = (
				944907414D53438C5DFB4A46 /* libPods-KidCop.a in Frameworks */,
			);
			runOnlyForDeploymentPostprocessing = 0;
		};
		6E208EE21C778ECD006D1479 /* Frameworks */ = {
			isa = PBXFrameworksBuildPhase;
			buildActionMask = 2147483647;
			files = (
			);
			runOnlyForDeploymentPostprocessing = 0;
		};
		6E208EED1C778ECD006D1479 /* Frameworks */ = {
			isa = PBXFrameworksBuildPhase;
			buildActionMask = 2147483647;
			files = (
			);
			runOnlyForDeploymentPostprocessing = 0;
		};
/* End PBXFrameworksBuildPhase section */

/* Begin PBXGroup section */
		094558B86A3C5035CEBBDD83 /* Pods */ = {
			isa = PBXGroup;
			children = (
				BC7203E6D380A8EB90D55AB8 /* Pods-KidCop.debug.xcconfig */,
				501F56DFF7CD6F129F5157C5 /* Pods-KidCop.release.xcconfig */,
			);
			name = Pods;
			sourceTree = "<group>";
		};
		6E208EC31C778ECD006D1479 = {
			isa = PBXGroup;
			children = (
				6E208ECE1C778ECD006D1479 /* KidCop */,
				6E208EE81C778ECD006D1479 /* KidCopTests */,
				6E208EF31C778ECD006D1479 /* KidCopUITests */,
				6E208ECD1C778ECD006D1479 /* Products */,
				094558B86A3C5035CEBBDD83 /* Pods */,
				B91E8DE87078A4BCECE8B452 /* Frameworks */,
			);
			sourceTree = "<group>";
		};
		6E208ECD1C778ECD006D1479 /* Products */ = {
			isa = PBXGroup;
			children = (
				6E208ECC1C778ECD006D1479 /* KidCop.app */,
				6E208EE51C778ECD006D1479 /* KidCopTests.xctest */,
				6E208EF01C778ECD006D1479 /* KidCopUITests.xctest */,
			);
			name = Products;
			sourceTree = "<group>";
		};
		6E208ECE1C778ECD006D1479 /* KidCop */ = {
			isa = PBXGroup;
			children = (
				6E208ED21C778ECD006D1479 /* AppDelegate.h */,
				6E208ED31C778ECD006D1479 /* AppDelegate.m */,
				6E88DE741C8F764B0059D019 /* CollectionViewController.h */,
				6E88DE751C8F764B0059D019 /* CollectionViewController.m */,
				6E88DE711C8F76000059D019 /* CollectionViewCell.h */,
				6E88DE721C8F76000059D019 /* CollectionViewCell.m */,
				6E208F0C1C77B803006D1479 /* StatusViewController.m */,
				6E208F0B1C77B803006D1479 /* StatusViewController.h */,
				6E208F051C779CE1006D1479 /* Kid.h */,
				6E208F061C779CE1006D1479 /* Kid.m */,
				6E208F081C779F1D006D1479 /* KidDataBase.h */,
				6E208F091C779F1D006D1479 /* KidDataBase.m */,
				6E208ED81C778ECD006D1479 /* Main.storyboard */,
				6E208EDB1C778ECD006D1479 /* Assets.xcassets */,
				6E208EDD1C778ECD006D1479 /* LaunchScreen.storyboard */,
				6E208EE01C778ECD006D1479 /* Info.plist */,
				6E208ECF1C778ECD006D1479 /* Supporting Files */,
			);
			path = KidCop;
			sourceTree = "<group>";
		};
		6E208ECF1C778ECD006D1479 /* Supporting Files */ = {
			isa = PBXGroup;
			children = (
				6E208ED01C778ECD006D1479 /* main.m */,
			);
			name = "Supporting Files";
			sourceTree = "<group>";
		};
		6E208EE81C778ECD006D1479 /* KidCopTests */ = {
			isa = PBXGroup;
			children = (
				6E208EE91C778ECD006D1479 /* KidCopTests.m */,
				6E208EEB1C778ECD006D1479 /* Info.plist */,
			);
			path = KidCopTests;
			sourceTree = "<group>";
		};
		6E208EF31C778ECD006D1479 /* KidCopUITests */ = {
			isa = PBXGroup;
			children = (
				6E208EF41C778ECD006D1479 /* KidCopUITests.m */,
				6E208EF61C778ECD006D1479 /* Info.plist */,
			);
			path = KidCopUITests;
			sourceTree = "<group>";
		};
		B91E8DE87078A4BCECE8B452 /* Frameworks */ = {
			isa = PBXGroup;
			children = (
				FBA6457E921D0660F98EDDBA /* libPods-KidCop.a */,
			);
			name = Frameworks;
			sourceTree = "<group>";
		};
/* End PBXGroup section */

/* Begin PBXNativeTarget section */
		6E208ECB1C778ECD006D1479 /* KidCop */ = {
			isa = PBXNativeTarget;
			buildConfigurationList = 6E208EF91C778ECD006D1479 /* Build configuration list for PBXNativeTarget "KidCop" */;
			buildPhases = (
				04326C48B0127294714B9EBA /* Check Pods Manifest.lock */,
				6E208EC81C778ECD006D1479 /* Sources */,
				6E208EC91C778ECD006D1479 /* Frameworks */,
				6E208ECA1C778ECD006D1479 /* Resources */,
				0AA4A832C5172E2755D61F93 /* Embed Pods Frameworks */,
				10BAE04879C7FDC6539BCB52 /* Copy Pods Resources */,
			);
			buildRules = (
			);
			dependencies = (
			);
			name = KidCop;
			productName = KidCop;
			productReference = 6E208ECC1C778ECD006D1479 /* KidCop.app */;
			productType = "com.apple.product-type.application";
		};
		6E208EE41C778ECD006D1479 /* KidCopTests */ = {
			isa = PBXNativeTarget;
			buildConfigurationList = 6E208EFC1C778ECD006D1479 /* Build configuration list for PBXNativeTarget "KidCopTests" */;
			buildPhases = (
				6E208EE11C778ECD006D1479 /* Sources */,
				6E208EE21C778ECD006D1479 /* Frameworks */,
				6E208EE31C778ECD006D1479 /* Resources */,
			);
			buildRules = (
			);
			dependencies = (
				6E208EE71C778ECD006D1479 /* PBXTargetDependency */,
			);
			name = KidCopTests;
			productName = KidCopTests;
			productReference = 6E208EE51C778ECD006D1479 /* KidCopTests.xctest */;
			productType = "com.apple.product-type.bundle.unit-test";
		};
		6E208EEF1C778ECD006D1479 /* KidCopUITests */ = {
			isa = PBXNativeTarget;
			buildConfigurationList = 6E208EFF1C778ECD006D1479 /* Build configuration list for PBXNativeTarget "KidCopUITests" */;
			buildPhases = (
				6E208EEC1C778ECD006D1479 /* Sources */,
				6E208EED1C778ECD006D1479 /* Frameworks */,
				6E208EEE1C778ECD006D1479 /* Resources */,
			);
			buildRules = (
			);
			dependencies = (
				6E208EF21C778ECD006D1479 /* PBXTargetDependency */,
			);
			name = KidCopUITests;
			productName = KidCopUITests;
			productReference = 6E208EF01C778ECD006D1479 /* KidCopUITests.xctest */;
			productType = "com.apple.product-type.bundle.ui-testing";
		};
/* End PBXNativeTarget section */

/* Begin PBXProject section */
		6E208EC41C778ECD006D1479 /* Project object */ = {
			isa = PBXProject;
			attributes = {
				LastUpgradeCheck = 0720;
				ORGANIZATIONNAME = "Juan Espinosa";
				TargetAttributes = {
					6E208ECB1C778ECD006D1479 = {
						CreatedOnToolsVersion = 7.2.1;
						DevelopmentTeam = 7LH9M4R7DE;
						SystemCapabilities = {
							com.apple.BackgroundModes = {
								enabled = 1;
							};
						};
					};
					6E208EE41C778ECD006D1479 = {
						CreatedOnToolsVersion = 7.2.1;
						DevelopmentTeam = 7LH9M4R7DE;
						TestTargetID = 6E208ECB1C778ECD006D1479;
					};
					6E208EEF1C778ECD006D1479 = {
						CreatedOnToolsVersion = 7.2.1;
						DevelopmentTeam = 7LH9M4R7DE;
						TestTargetID = 6E208ECB1C778ECD006D1479;
					};
				};
			};
			buildConfigurationList = 6E208EC71C778ECD006D1479 /* Build configuration list for PBXProject "KidCop" */;
			compatibilityVersion = "Xcode 3.2";
			developmentRegion = English;
			hasScannedForEncodings = 0;
			knownRegions = (
				en,
				Base,
			);
			mainGroup = 6E208EC31C778ECD006D1479;
			productRefGroup = 6E208ECD1C778ECD006D1479 /* Products */;
			projectDirPath = "";
			projectRoot = "";
			targets = (
				6E208ECB1C778ECD006D1479 /* KidCop */,
				6E208EE41C778ECD006D1479 /* KidCopTests */,
				6E208EEF1C778ECD006D1479 /* KidCopUITests */,
			);
		};
/* End PBXProject section */

/* Begin PBXResourcesBuildPhase section */
		6E208ECA1C778ECD006D1479 /* Resources */ = {
			isa = PBXResourcesBuildPhase;
			buildActionMask = 2147483647;
			files = (
				6E208EDF1C778ECD006D1479 /* LaunchScreen.storyboard in Resources */,
				6E208EDC1C778ECD006D1479 /* Assets.xcassets in Resources */,
				6E208EDA1C778ECD006D1479 /* Main.storyboard in Resources */,
			);
			runOnlyForDeploymentPostprocessing = 0;
		};
		6E208EE31C778ECD006D1479 /* Resources */ = {
			isa = PBXResourcesBuildPhase;
			buildActionMask = 2147483647;
			files = (
			);
			runOnlyForDeploymentPostprocessing = 0;
		};
		6E208EEE1C778ECD006D1479 /* Resources */ = {
			isa = PBXResourcesBuildPhase;
			buildActionMask = 2147483647;
			files = (
			);
			runOnlyForDeploymentPostprocessing = 0;
		};
/* End PBXResourcesBuildPhase section */

/* Begin PBXShellScriptBuildPhase section */
		04326C48B0127294714B9EBA /* Check Pods Manifest.lock */ = {
			isa = PBXShellScriptBuildPhase;
			buildActionMask = 2147483647;
			files = (
			);
			inputPaths = (
			);
			name = "Check Pods Manifest.lock";
			outputPaths = (
			);
			runOnlyForDeploymentPostprocessing = 0;
			shellPath = /bin/sh;
			shellScript = "diff \"${PODS_ROOT}/../Podfile.lock\" \"${PODS_ROOT}/Manifest.lock\" > /dev/null\nif [[ $? != 0 ]] ; then\n    cat << EOM\nerror: The sandbox is not in sync with the Podfile.lock. Run 'pod install' or update your CocoaPods installation.\nEOM\n    exit 1\nfi\n";
			showEnvVarsInLog = 0;
		};
		0AA4A832C5172E2755D61F93 /* Embed Pods Frameworks */ = {
			isa = PBXShellScriptBuildPhase;
			buildActionMask = 2147483647;
			files = (
			);
			inputPaths = (
			);
			name = "Embed Pods Frameworks";
			outputPaths = (
			);
			runOnlyForDeploymentPostprocessing = 0;
			shellPath = /bin/sh;
			shellScript = "\"${SRCROOT}/Pods/Target Support Files/Pods-KidCop/Pods-KidCop-frameworks.sh\"\n";
			showEnvVarsInLog = 0;
		};
		10BAE04879C7FDC6539BCB52 /* Copy Pods Resources */ = {
			isa = PBXShellScriptBuildPhase;
			buildActionMask = 2147483647;
			files = (
			);
			inputPaths = (
			);
			name = "Copy Pods Resources";
			outputPaths = (
			);
			runOnlyForDeploymentPostprocessing = 0;
			shellPath = /bin/sh;
			shellScript = "\"${SRCROOT}/Pods/Target Support Files/Pods-KidCop/Pods-KidCop-resources.sh\"\n";
			showEnvVarsInLog = 0;
		};
/* End PBXShellScriptBuildPhase section */

/* Begin PBXSourcesBuildPhase section */
		6E208EC81C778ECD006D1479 /* Sources */ = {
			isa = PBXSourcesBuildPhase;
			buildActionMask = 2147483647;
			files = (
				6E88DE761C8F764B0059D019 /* CollectionViewController.m in Sources */,
				6E208F071C779CE1006D1479 /* Kid.m in Sources */,
				6E208ED41C778ECD006D1479 /* AppDelegate.m in Sources */,
				6E208ED11C778ECD006D1479 /* main.m in Sources */,
				6E208F0A1C779F1D006D1479 /* KidDataBase.m in Sources */,
				6E208F0D1C77B803006D1479 /* StatusViewController.m in Sources */,
				6E88DE731C8F76000059D019 /* CollectionViewCell.m in Sources */,
			);
			runOnlyForDeploymentPostprocessing = 0;
		};
		6E208EE11C778ECD006D1479 /* Sources */ = {
			isa = PBXSourcesBuildPhase;
			buildActionMask = 2147483647;
			files = (
				6E208EEA1C778ECD006D1479 /* KidCopTests.m in Sources */,
			);
			runOnlyForDeploymentPostprocessing = 0;
		};
		6E208EEC1C778ECD006D1479 /* Sources */ = {
			isa = PBXSourcesBuildPhase;
			buildActionMask = 2147483647;
			files = (
				6E208EF51C778ECD006D1479 /* KidCopUITests.m in Sources */,
			);
			runOnlyForDeploymentPostprocessing = 0;
		};
/* End PBXSourcesBuildPhase section */

/* Begin PBXTargetDependency section */
		6E208EE71C778ECD006D1479 /* PBXTargetDependency */ = {
			isa = PBXTargetDependency;
			target = 6E208ECB1C778ECD006D1479 /* KidCop */;
			targetProxy = 6E208EE61C778ECD006D1479 /* PBXContainerItemProxy */;
		};
		6E208EF21C778ECD006D1479 /* PBXTargetDependency */ = {
			isa = PBXTargetDependency;
			target = 6E208ECB1C778ECD006D1479 /* KidCop */;
			targetProxy = 6E208EF11C778ECD006D1479 /* PBXContainerItemProxy */;
		};
/* End PBXTargetDependency section */

/* Begin PBXVariantGroup section */
		6E208ED81C778ECD006D1479 /* Main.storyboard */ = {
			isa = PBXVariantGroup;
			children = (
				6E208ED91C778ECD006D1479 /* Base */,
			);
			name = Main.storyboard;
			sourceTree = "<group>";
		};
		6E208EDD1C778ECD006D1479 /* LaunchScreen.storyboard */ = {
			isa = PBXVariantGroup;
			children = (
				6E208EDE1C778ECD006D1479 /* Base */,
			);
			name = LaunchScreen.storyboard;
			sourceTree = "<group>";
		};
/* End PBXVariantGroup section */

/* Begin XCBuildConfiguration section */
		6E208EF71C778ECD006D1479 /* Debug */ = {
			isa = XCBuildConfiguration;
			buildSettings = {
				ALWAYS_SEARCH_USER_PATHS = NO;
				CLANG_CXX_LANGUAGE_STANDARD = "gnu++0x";
				CLANG_CXX_LIBRARY = "libc++";
				CLANG_ENABLE_MODULES = YES;
				CLANG_ENABLE_OBJC_ARC = YES;
				CLANG_WARN_BOOL_CONVERSION = YES;
				CLANG_WARN_CONSTANT_CONVERSION = YES;
				CLANG_WARN_DIRECT_OBJC_ISA_USAGE = YES_ERROR;
				CLANG_WARN_EMPTY_BODY = YES;
				CLANG_WARN_ENUM_CONVERSION = YES;
				CLANG_WARN_INT_CONVERSION = YES;
				CLANG_WARN_OBJC_ROOT_CLASS = YES_ERROR;
				CLANG_WARN_UNREACHABLE_CODE = YES;
				CLANG_WARN__DUPLICATE_METHOD_MATCH = YES;
				"CODE_SIGN_IDENTITY[sdk=iphoneos*]" = "iPhone Developer";
				COPY_PHASE_STRIP = NO;
				DEBUG_INFORMATION_FORMAT = dwarf;
				ENABLE_STRICT_OBJC_MSGSEND = YES;
				ENABLE_TESTABILITY = YES;
				GCC_C_LANGUAGE_STANDARD = gnu99;
				GCC_DYNAMIC_NO_PIC = NO;
				GCC_NO_COMMON_BLOCKS = YES;
				GCC_OPTIMIZATION_LEVEL = 0;
				GCC_PREPROCESSOR_DEFINITIONS = (
					"DEBUG=1",
					"$(inherited)",
				);
				GCC_WARN_64_TO_32_BIT_CONVERSION = YES;
				GCC_WARN_ABOUT_RETURN_TYPE = YES_ERROR;
				GCC_WARN_UNDECLARED_SELECTOR = YES;
				GCC_WARN_UNINITIALIZED_AUTOS = YES_AGGRESSIVE;
				GCC_WARN_UNUSED_FUNCTION = YES;
				GCC_WARN_UNUSED_VARIABLE = YES;
				IPHONEOS_DEPLOYMENT_TARGET = 9.2;
				MTL_ENABLE_DEBUG_INFO = YES;
				ONLY_ACTIVE_ARCH = YES;
				SDKROOT = iphoneos;
			};
			name = Debug;
		};
		6E208EF81C778ECD006D1479 /* Release */ = {
			isa = XCBuildConfiguration;
			buildSettings = {
				ALWAYS_SEARCH_USER_PATHS = NO;
				CLANG_CXX_LANGUAGE_STANDARD = "gnu++0x";
				CLANG_CXX_LIBRARY = "libc++";
				CLANG_ENABLE_MODULES = YES;
				CLANG_ENABLE_OBJC_ARC = YES;
				CLANG_WARN_BOOL_CONVERSION = YES;
				CLANG_WARN_CONSTANT_CONVERSION = YES;
				CLANG_WARN_DIRECT_OBJC_ISA_USAGE = YES_ERROR;
				CLANG_WARN_EMPTY_BODY = YES;
				CLANG_WARN_ENUM_CONVERSION = YES;
				CLANG_WARN_INT_CONVERSION = YES;
				CLANG_WARN_OBJC_ROOT_CLASS = YES_ERROR;
				CLANG_WARN_UNREACHABLE_CODE = YES;
				CLANG_WARN__DUPLICATE_METHOD_MATCH = YES;
				"CODE_SIGN_IDENTITY[sdk=iphoneos*]" = "iPhone Developer";
				COPY_PHASE_STRIP = NO;
				DEBUG_INFORMATION_FORMAT = "dwarf-with-dsym";
				ENABLE_NS_ASSERTIONS = NO;
				ENABLE_STRICT_OBJC_MSGSEND = YES;
				GCC_C_LANGUAGE_STANDARD = gnu99;
				GCC_NO_COMMON_BLOCKS = YES;
				GCC_WARN_64_TO_32_BIT_CONVERSION = YES;
				GCC_WARN_ABOUT_RETURN_TYPE = YES_ERROR;
				GCC_WARN_UNDECLARED_SELECTOR = YES;
				GCC_WARN_UNINITIALIZED_AUTOS = YES_AGGRESSIVE;
				GCC_WARN_UNUSED_FUNCTION = YES;
				GCC_WARN_UNUSED_VARIABLE = YES;
				IPHONEOS_DEPLOYMENT_TARGET = 9.2;
				MTL_ENABLE_DEBUG_INFO = NO;
				SDKROOT = iphoneos;
				VALIDATE_PRODUCT = YES;
			};
			name = Release;
		};
		6E208EFA1C778ECD006D1479 /* Debug */ = {
			isa = XCBuildConfiguration;
			baseConfigurationReference = BC7203E6D380A8EB90D55AB8 /* Pods-KidCop.debug.xcconfig */;
			buildSettings = {
				ASSETCATALOG_COMPILER_APPICON_NAME = AppIcon;
				INFOPLIST_FILE = KidCop/Info.plist;
				LD_RUNPATH_SEARCH_PATHS = "$(inherited) @executable_path/Frameworks";
				PRODUCT_BUNDLE_IDENTIFIER = manglaris.KidCop;
				PRODUCT_NAME = "$(TARGET_NAME)";
			};
			name = Debug;
		};
		6E208EFB1C778ECD006D1479 /* Release */ = {
			isa = XCBuildConfiguration;
			baseConfigurationReference = 501F56DFF7CD6F129F5157C5 /* Pods-KidCop.release.xcconfig */;
			buildSettings = {
				ASSETCATALOG_COMPILER_APPICON_NAME = AppIcon;
				INFOPLIST_FILE = KidCop/Info.plist;
				LD_RUNPATH_SEARCH_PATHS = "$(inherited) @executable_path/Frameworks";
				PRODUCT_BUNDLE_IDENTIFIER = manglaris.KidCop;
				PRODUCT_NAME = "$(TARGET_NAME)";
			};
			name = Release;
		};
		6E208EFD1C778ECD006D1479 /* Debug */ = {
			isa = XCBuildConfiguration;
			buildSettings = {
				BUNDLE_LOADER = "$(TEST_HOST)";
				INFOPLIST_FILE = KidCopTests/Info.plist;
				LD_RUNPATH_SEARCH_PATHS = "$(inherited) @executable_path/Frameworks @loader_path/Frameworks";
				PRODUCT_BUNDLE_IDENTIFIER = manglaris.KidCopTests;
				PRODUCT_NAME = "$(TARGET_NAME)";
				TEST_HOST = "$(BUILT_PRODUCTS_DIR)/KidCop.app/KidCop";
			};
			name = Debug;
		};
		6E208EFE1C778ECD006D1479 /* Release */ = {
			isa = XCBuildConfiguration;
			buildSettings = {
				BUNDLE_LOADER = "$(TEST_HOST)";
				INFOPLIST_FILE = KidCopTests/Info.plist;
				LD_RUNPATH_SEARCH_PATHS = "$(inherited) @executable_path/Frameworks @loader_path/Frameworks";
				PRODUCT_BUNDLE_IDENTIFIER = manglaris.KidCopTests;
				PRODUCT_NAME = "$(TARGET_NAME)";
				TEST_HOST = "$(BUILT_PRODUCTS_DIR)/KidCop.app/KidCop";
			};
			name = Release;
		};
		6E208F001C778ECD006D1479 /* Debug */ = {
			isa = XCBuildConfiguration;
			buildSettings = {
				INFOPLIST_FILE = KidCopUITests/Info.plist;
				LD_RUNPATH_SEARCH_PATHS = "$(inherited) @executable_path/Frameworks @loader_path/Frameworks";
				PRODUCT_BUNDLE_IDENTIFIER = manglaris.KidCopUITests;
				PRODUCT_NAME = "$(TARGET_NAME)";
				TEST_TARGET_NAME = KidCop;
				USES_XCTRUNNER = YES;
			};
			name = Debug;
		};
		6E208F011C778ECD006D1479 /* Release */ = {
			isa = XCBuildConfiguration;
			buildSettings = {
				INFOPLIST_FILE = KidCopUITests/Info.plist;
				LD_RUNPATH_SEARCH_PATHS = "$(inherited) @executable_path/Frameworks @loader_path/Frameworks";
				PRODUCT_BUNDLE_IDENTIFIER = manglaris.KidCopUITests;
				PRODUCT_NAME = "$(TARGET_NAME)";
				TEST_TARGET_NAME = KidCop;
				USES_XCTRUNNER = YES;
			};
			name = Release;
		};
/* End XCBuildConfiguration section */

/* Begin XCConfigurationList section */
		6E208EC71C778ECD006D1479 /* Build configuration list for PBXProject "KidCop" */ = {
			isa = XCConfigurationList;
			buildConfigurations = (
				6E208EF71C778ECD006D1479 /* Debug */,
				6E208EF81C778ECD006D1479 /* Release */,
			);
			defaultConfigurationIsVisible = 0;
			defaultConfigurationName = Release;
		};
		6E208EF91C778ECD006D1479 /* Build configuration list for PBXNativeTarget "KidCop" */ = {
			isa = XCConfigurationList;
			buildConfigurations = (
				6E208EFA1C778ECD006D1479 /* Debug */,
				6E208EFB1C778ECD006D1479 /* Release */,
			);
			defaultConfigurationIsVisible = 0;
			defaultConfigurationName = Release;
		};
		6E208EFC1C778ECD006D1479 /* Build configuration list for PBXNativeTarget "KidCopTests" */ = {
			isa = XCConfigurationList;
			buildConfigurations = (
				6E208EFD1C778ECD006D1479 /* Debug */,
				6E208EFE1C778ECD006D1479 /* Release */,
			);
			defaultConfigurationIsVisible = 0;
			defaultConfigurationName = Release;
		};
		6E208EFF1C778ECD006D1479 /* Build configuration list for PBXNativeTarget "KidCopUITests" */ = {
			isa = XCConfigurationList;
			buildConfigurations = (
				6E208F001C778ECD006D1479 /* Debug */,
				6E208F011C778ECD006D1479 /* Release */,
			);
			defaultConfigurationIsVisible = 0;
			defaultConfigurationName = Release;
		};
/* End XCConfigurationList section */
	};
	rootObject = 6E208EC41C778ECD006D1479 /* Project object */;
}
